
Microsoft Visual Studio Solution File, Format Version 12.00
# Visual Studio Version 16
VisualStudioVersion = 16.0.30320.27
MinimumVisualStudioVersion = 10.0.40219.1
Project("{FAE04EC0-301F-11D3-BF4B-00C04F79EFBC}") = "TaskListApp", "TaskListApp.csproj", "{1BF1D6BA-84BD-4184-8097-AEA7D33AC58D}"
EndProject
Global
	GlobalSection(SolutionConfigurationPlatforms) = preSolution
		Debug|Any CPU = Debug|Any CPU
		Release|Any CPU = Release|Any CPU
	EndGlobalSection
	GlobalSection(ProjectConfigurationPlatforms) = postSolution
		{1BF1D6BA-84BD-4184-8097-AEA7D33AC58D}.Debug|Any CPU.ActiveCfg = Debug|Any CPU
		{1BF1D6BA-84BD-4184-8097-AEA7D33AC58D}.Debug|Any CPU.Build.0 = Debug|Any CPU
		{1BF1D6BA-84BD-4184-8097-AEA7D33AC58D}.Release|Any CPU.ActiveCfg = Release|Any CPU
		{1BF1D6BA-84BD-4184-8097-AEA7D33AC58D}.Release|Any CPU.Build.0 = Release|Any CPU
	EndGlobalSection
	GlobalSection(SolutionProperties) = preSolution
		HideSolutionNode = FALSE
	EndGlobalSection
	GlobalSection(ExtensibilityGlobals) = postSolution
		SolutionGuid = {0150A939-B672-4DC8-8BD0-C0472A95F4AD}
	EndGlobalSection
EndGlobal
